
Microsoft Visual Studio Solution File, Format Version 12.00
# Visual Studio Version 17
VisualStudioVersion = 17.3.32929.385
MinimumVisualStudioVersion = 10.0.40219.1
Project("{FAE04EC0-301F-11D3-BF4B-00C04F79EFBC}") = "Clima.UWP", "Clima\Clima.UWP\Clima.UWP.csproj", "{8CF6A123-23EE-432B-8B9C-A5A123974842}"
EndProject
Project("{FAE04EC0-301F-11D3-BF4B-00C04F79EFBC}") = "Clima.Android", "Clima\Clima.Android\Clima.Android.csproj", "{F0597BAF-CA02-4BB3-858F-AD7525500482}"
EndProject
Project("{FAE04EC0-301F-11D3-BF4B-00C04F79EFBC}") = "Clima", "Clima\Clima\Clima.csproj", "{BC9AE5FB-8190-4B50-9051-6BD783F99B3B}"
EndProject
Global
	GlobalSection(SolutionConfigurationPlatforms) = preSolution
		Debug|Any CPU = Debug|Any CPU
		Debug|ARM = Debug|ARM
		Debug|x64 = Debug|x64
		Debug|x86 = Debug|x86
		Release|Any CPU = Release|Any CPU
		Release|ARM = Release|ARM
		Release|x64 = Release|x64
		Release|x86 = Release|x86
	EndGlobalSection
	GlobalSection(ProjectConfigurationPlatforms) = postSolution
		{8CF6A123-23EE-432B-8B9C-A5A123974842}.Debug|Any CPU.ActiveCfg = Debug|x64
		{8CF6A123-23EE-432B-8B9C-A5A123974842}.Debug|Any CPU.Build.0 = Debug|x64
		{8CF6A123-23EE-432B-8B9C-A5A123974842}.Debug|Any CPU.Deploy.0 = Debug|x64
		{8CF6A123-23EE-432B-8B9C-A5A123974842}.Debug|ARM.ActiveCfg = Debug|ARM
		{8CF6A123-23EE-432B-8B9C-A5A123974842}.Debug|ARM.Build.0 = Debug|ARM
		{8CF6A123-23EE-432B-8B9C-A5A123974842}.Debug|ARM.Deploy.0 = Debug|ARM
		{8CF6A123-23EE-432B-8B9C-A5A123974842}.Debug|x64.ActiveCfg = Debug|x64
		{8CF6A123-23EE-432B-8B9C-A5A123974842}.Debug|x64.Build.0 = Debug|x64
		{8CF6A123-23EE-432B-8B9C-A5A123974842}.Debug|x64.Deploy.0 = Debug|x64
		{8CF6A123-23EE-432B-8B9C-A5A123974842}.Debug|x86.ActiveCfg = Debug|x86
		{8CF6A123-23EE-432B-8B9C-A5A123974842}.Debug|x86.Build.0 = Debug|x86
		{8CF6A123-23EE-432B-8B9C-A5A123974842}.Debug|x86.Deploy.0 = Debug|x86
		{8CF6A123-23EE-432B-8B9C-A5A123974842}.Release|Any CPU.ActiveCfg = Release|x64
		{8CF6A123-23EE-432B-8B9C-A5A123974842}.Release|Any CPU.Build.0 = Release|x64
		{8CF6A123-23EE-432B-8B9C-A5A123974842}.Release|Any CPU.Deploy.0 = Release|x64
		{8CF6A123-23EE-432B-8B9C-A5A123974842}.Release|ARM.ActiveCfg = Release|ARM
		{8CF6A123-23EE-432B-8B9C-A5A123974842}.Release|ARM.Build.0 = Release|ARM
		{8CF6A123-23EE-432B-8B9C-A5A123974842}.Release|ARM.Deploy.0 = Release|ARM
		{8CF6A123-23EE-432B-8B9C-A5A123974842}.Release|x64.ActiveCfg = Release|x64
		{8CF6A123-23EE-432B-8B9C-A5A123974842}.Release|x64.Build.0 = Release|x64
		{8CF6A123-23EE-432B-8B9C-A5A123974842}.Release|x64.Deploy.0 = Release|x64
		{8CF6A123-23EE-432B-8B9C-A5A123974842}.Release|x86.ActiveCfg = Release|x86
		{8CF6A123-23EE-432B-8B9C-A5A123974842}.Release|x86.Build.0 = Release|x86
		{8CF6A123-23EE-432B-8B9C-A5A123974842}.Release|x86.Deploy.0 = Release|x86
		{F0597BAF-CA02-4BB3-858F-AD7525500482}.Debug|Any CPU.ActiveCfg = Debug|Any CPU
		{F0597BAF-CA02-4BB3-858F-AD7525500482}.Debug|Any CPU.Build.0 = Debug|Any CPU
		{F0597BAF-CA02-4BB3-858F-AD7525500482}.Debug|Any CPU.Deploy.0 = Debug|Any CPU
		{F0597BAF-CA02-4BB3-858F-AD7525500482}.Debug|ARM.ActiveCfg = Debug|Any CPU
		{F0597BAF-CA02-4BB3-858F-AD7525500482}.Debug|ARM.Build.0 = Debug|Any CPU
		{F0597BAF-CA02-4BB3-858F-AD7525500482}.Debug|ARM.Deploy.0 = Debug|Any CPU
		{F0597BAF-CA02-4BB3-858F-AD7525500482}.Debug|x64.ActiveCfg = Debug|Any CPU
		{F0597BAF-CA02-4BB3-858F-AD7525500482}.Debug|x64.Build.0 = Debug|Any CPU
		{F0597BAF-CA02-4BB3-858F-AD7525500482}.Debug|x64.Deploy.0 = Debug|Any CPU
		{F0597BAF-CA02-4BB3-858F-AD7525500482}.Debug|x86.ActiveCfg = Debug|Any CPU
		{F0597BAF-CA02-4BB3-858F-AD7525500482}.Debug|x86.Build.0 = Debug|Any CPU
		{F0597BAF-CA02-4BB3-858F-AD7525500482}.Debug|x86.Deploy.0 = Debug|Any CPU
		{F0597BAF-CA02-4BB3-858F-AD7525500482}.Release|Any CPU.ActiveCfg = Release|Any CPU
		{F0597BAF-CA02-4BB3-858F-AD7525500482}.Release|Any CPU.Build.0 = Release|Any CPU
		{F0597BAF-CA02-4BB3-858F-AD7525500482}.Release|Any CPU.Deploy.0 = Release|Any CPU
		{F0597BAF-CA02-4BB3-858F-AD7525500482}.Release|ARM.ActiveCfg = Release|Any CPU
		{F0597BAF-CA02-4BB3-858F-AD7525500482}.Release|ARM.Build.0 = Release|Any CPU
		{F0597BAF-CA02-4BB3-858F-AD7525500482}.Release|ARM.Deploy.0 = Release|Any CPU
		{F0597BAF-CA02-4BB3-858F-AD7525500482}.Release|x64.ActiveCfg = Release|Any CPU
		{F0597BAF-CA02-4BB3-858F-AD7525500482}.Release|x64.Build.0 = Release|Any CPU
		{F0597BAF-CA02-4BB3-858F-AD7525500482}.Release|x64.Deploy.0 = Release|Any CPU
		{F0597BAF-CA02-4BB3-858F-AD7525500482}.Release|x86.ActiveCfg = Release|Any CPU
		{F0597BAF-CA02-4BB3-858F-AD7525500482}.Release|x86.Build.0 = Release|Any CPU
		{F0597BAF-CA02-4BB3-858F-AD7525500482}.Release|x86.Deploy.0 = Release|Any CPU
		{BC9AE5FB-8190-4B50-9051-6BD783F99B3B}.Debug|Any CPU.ActiveCfg = Debug|Any CPU
		{BC9AE5FB-8190-4B50-9051-6BD783F99B3B}.Debug|Any CPU.Build.0 = Debug|Any CPU
		{BC9AE5FB-8190-4B50-9051-6BD783F99B3B}.Debug|Any CPU.Deploy.0 = Debug|Any CPU
		{BC9AE5FB-8190-4B50-9051-6BD783F99B3B}.Debug|ARM.ActiveCfg = Debug|Any CPU
		{BC9AE5FB-8190-4B50-9051-6BD783F99B3B}.Debug|ARM.Build.0 = Debug|Any CPU
		{BC9AE5FB-8190-4B50-9051-6BD783F99B3B}.Debug|ARM.Deploy.0 = Debug|Any CPU
		{BC9AE5FB-8190-4B50-9051-6BD783F99B3B}.Debug|x64.ActiveCfg = Debug|Any CPU
		{BC9AE5FB-8190-4B50-9051-6BD783F99B3B}.Debug|x64.Build.0 = Debug|Any CPU
		{BC9AE5FB-8190-4B50-9051-6BD783F99B3B}.Debug|x64.Deploy.0 = Debug|Any CPU
		{BC9AE5FB-8190-4B50-9051-6BD783F99B3B}.Debug|x86.ActiveCfg = Debug|Any CPU
		{BC9AE5FB-8190-4B50-9051-6BD783F99B3B}.Debug|x86.Build.0 = Debug|Any CPU
		{BC9AE5FB-8190-4B50-9051-6BD783F99B3B}.Debug|x86.Deploy.0 = Debug|Any CPU
		{BC9AE5FB-8190-4B50-9051-6BD783F99B3B}.Release|Any CPU.ActiveCfg = Release|Any CPU
		{BC9AE5FB-8190-4B50-9051-6BD783F99B3B}.Release|Any CPU.Build.0 = Release|Any CPU
		{BC9AE5FB-8190-4B50-9051-6BD783F99B3B}.Release|Any CPU.Deploy.0 = Release|Any CPU
		{BC9AE5FB-8190-4B50-9051-6BD783F99B3B}.Release|ARM.ActiveCfg = Release|Any CPU
		{BC9AE5FB-8190-4B50-9051-6BD783F99B3B}.Release|ARM.Build.0 = Release|Any CPU
		{BC9AE5FB-8190-4B50-9051-6BD783F99B3B}.Release|ARM.Deploy.0 = Release|Any CPU
		{BC9AE5FB-8190-4B50-9051-6BD783F99B3B}.Release|x64.ActiveCfg = Release|Any CPU
		{BC9AE5FB-8190-4B50-9051-6BD783F99B3B}.Release|x64.Build.0 = Release|Any CPU
		{BC9AE5FB-8190-4B50-9051-6BD783F99B3B}.Release|x64.Deploy.0 = Release|Any CPU
		{BC9AE5FB-8190-4B50-9051-6BD783F99B3B}.Release|x86.ActiveCfg = Release|Any CPU
		{BC9AE5FB-8190-4B50-9051-6BD783F99B3B}.Release|x86.Build.0 = Release|Any CPU
		{BC9AE5FB-8190-4B50-9051-6BD783F99B3B}.Release|x86.Deploy.0 = Release|Any CPU
	EndGlobalSection
	GlobalSection(SolutionProperties) = preSolution
		HideSolutionNode = FALSE
	EndGlobalSection
	GlobalSection(ExtensibilityGlobals) = postSolution
		SolutionGuid = {BBE1E52C-AF1D-422C-BAEF-7E15F4EE91B6}
	EndGlobalSection
EndGlobal
